
Microsoft Visual Studio Solution File, Format Version 12.00
# Visual Studio 14
VisualStudioVersion = 14.0.25420.1
MinimumVisualStudioVersion = 10.0.40219.1
Project("{2150E333-8FDC-42A3-9474-1A3956D46DE8}") = "Examples", "Examples", "{6493A61F-0433-44C1-AD84-734B23282C19}"
EndProject
Project("{FAE04EC0-301F-11D3-BF4B-00C04F79EFBC}") = "PropertyGrid", "Examples\PropertyGrid\PropertyGrid\PropertyGrid.csproj", "{752D178A-AE3F-438E-850F-C42DCD13E5EF}"
EndProject
Project("{FAE04EC0-301F-11D3-BF4B-00C04F79EFBC}") = "GarminGTU10", "Examples\GarminGTU10\GarminGTU10.csproj", "{C42D17C7-7F0C-4007-8AE7-824A7FB40666}"
EndProject
Project("{FAE04EC0-301F-11D3-BF4B-00C04F79EFBC}") = "AdminApplication", "Examples\AdminApplication\AdminApplication.csproj", "{6B7A22C4-4BC5-4616-8F29-FFAECD61C5F8}"
EndProject
Project("{FAE04EC0-301F-11D3-BF4B-00C04F79EFBC}") = "PropertyGridExtended", "Examples\PropertyGridExtended\PropertyGridExtended.csproj", "{BEA1774E-FDC1-45AF-ACB0-FF7B399E589C}"
EndProject
Project("{FAE04EC0-301F-11D3-BF4B-00C04F79EFBC}") = "TopshelfNancy", "Examples\TopshelfNancy\TopshelfNancy.csproj", "{19F96078-1206-4DB4-AD34-EC858BD20BF0}"
EndProject
Project("{FAE04EC0-301F-11D3-BF4B-00C04F79EFBC}") = "TopshelfUnity", "Examples\TopshelfUnity\TopshelfUnity.csproj", "{461A83D5-3A1D-4152-B743-0264FE511F89}"
EndProject
Global
	GlobalSection(SolutionConfigurationPlatforms) = preSolution
		Debug|Any CPU = Debug|Any CPU
		Release|Any CPU = Release|Any CPU
	EndGlobalSection
	GlobalSection(ProjectConfigurationPlatforms) = postSolution
		{752D178A-AE3F-438E-850F-C42DCD13E5EF}.Debug|Any CPU.ActiveCfg = Debug|Any CPU
		{752D178A-AE3F-438E-850F-C42DCD13E5EF}.Debug|Any CPU.Build.0 = Debug|Any CPU
		{752D178A-AE3F-438E-850F-C42DCD13E5EF}.Release|Any CPU.ActiveCfg = Release|Any CPU
		{752D178A-AE3F-438E-850F-C42DCD13E5EF}.Release|Any CPU.Build.0 = Release|Any CPU
		{C42D17C7-7F0C-4007-8AE7-824A7FB40666}.Debug|Any CPU.ActiveCfg = Debug|Any CPU
		{C42D17C7-7F0C-4007-8AE7-824A7FB40666}.Debug|Any CPU.Build.0 = Debug|Any CPU
		{C42D17C7-7F0C-4007-8AE7-824A7FB40666}.Release|Any CPU.ActiveCfg = Release|Any CPU
		{C42D17C7-7F0C-4007-8AE7-824A7FB40666}.Release|Any CPU.Build.0 = Release|Any CPU
		{6B7A22C4-4BC5-4616-8F29-FFAECD61C5F8}.Debug|Any CPU.ActiveCfg = Debug|Any CPU
		{6B7A22C4-4BC5-4616-8F29-FFAECD61C5F8}.Debug|Any CPU.Build.0 = Debug|Any CPU
		{6B7A22C4-4BC5-4616-8F29-FFAECD61C5F8}.Release|Any CPU.ActiveCfg = Release|Any CPU
		{6B7A22C4-4BC5-4616-8F29-FFAECD61C5F8}.Release|Any CPU.Build.0 = Release|Any CPU
		{BEA1774E-FDC1-45AF-ACB0-FF7B399E589C}.Debug|Any CPU.ActiveCfg = Debug|Any CPU
		{BEA1774E-FDC1-45AF-ACB0-FF7B399E589C}.Debug|Any CPU.Build.0 = Debug|Any CPU
		{BEA1774E-FDC1-45AF-ACB0-FF7B399E589C}.Release|Any CPU.ActiveCfg = Release|Any CPU
		{BEA1774E-FDC1-45AF-ACB0-FF7B399E589C}.Release|Any CPU.Build.0 = Release|Any CPU
		{19F96078-1206-4DB4-AD34-EC858BD20BF0}.Debug|Any CPU.ActiveCfg = Debug|Any CPU
		{19F96078-1206-4DB4-AD34-EC858BD20BF0}.Debug|Any CPU.Build.0 = Debug|Any CPU
		{19F96078-1206-4DB4-AD34-EC858BD20BF0}.Release|Any CPU.ActiveCfg = Release|Any CPU
		{19F96078-1206-4DB4-AD34-EC858BD20BF0}.Release|Any CPU.Build.0 = Release|Any CPU
		{461A83D5-3A1D-4152-B743-0264FE511F89}.Debug|Any CPU.ActiveCfg = Debug|Any CPU
		{461A83D5-3A1D-4152-B743-0264FE511F89}.Debug|Any CPU.Build.0 = Debug|Any CPU
		{461A83D5-3A1D-4152-B743-0264FE511F89}.Release|Any CPU.ActiveCfg = Release|Any CPU
		{461A83D5-3A1D-4152-B743-0264FE511F89}.Release|Any CPU.Build.0 = Release|Any CPU
	EndGlobalSection
	GlobalSection(SolutionProperties) = preSolution
		HideSolutionNode = FALSE
	EndGlobalSection
	GlobalSection(NestedProjects) = preSolution
		{752D178A-AE3F-438E-850F-C42DCD13E5EF} = {6493A61F-0433-44C1-AD84-734B23282C19}
		{C42D17C7-7F0C-4007-8AE7-824A7FB40666} = {6493A61F-0433-44C1-AD84-734B23282C19}
		{6B7A22C4-4BC5-4616-8F29-FFAECD61C5F8} = {6493A61F-0433-44C1-AD84-734B23282C19}
		{BEA1774E-FDC1-45AF-ACB0-FF7B399E589C} = {6493A61F-0433-44C1-AD84-734B23282C19}
		{19F96078-1206-4DB4-AD34-EC858BD20BF0} = {6493A61F-0433-44C1-AD84-734B23282C19}
		{461A83D5-3A1D-4152-B743-0264FE511F89} = {6493A61F-0433-44C1-AD84-734B23282C19}
	EndGlobalSection
EndGlobal
